
Microsoft Visual Studio Solution File, Format Version 12.00
# Visual Studio Version 17
VisualStudioVersion = 17.4.33205.214
MinimumVisualStudioVersion = 10.0.40219.1
Project("{FAE04EC0-301F-11D3-BF4B-00C04F79EFBC}") = "PNI_Procesare_Imagini", "PNI_Procesare_Imagini\PNI_Procesare_Imagini.csproj", "{B205286F-B785-48FF-B5C7-E6933364D0FF}"
EndProject
Global
	GlobalSection(SolutionConfigurationPlatforms) = preSolution
		Debug|Any CPU = Debug|Any CPU
		Release|Any CPU = Release|Any CPU
	EndGlobalSection
	GlobalSection(ProjectConfigurationPlatforms) = postSolution
		{B205286F-B785-48FF-B5C7-E6933364D0FF}.Debug|Any CPU.ActiveCfg = Debug|Any CPU
		{B205286F-B785-48FF-B5C7-E6933364D0FF}.Debug|Any CPU.Build.0 = Debug|Any CPU
		{B205286F-B785-48FF-B5C7-E6933364D0FF}.Release|Any CPU.ActiveCfg = Release|Any CPU
		{B205286F-B785-48FF-B5C7-E6933364D0FF}.Release|Any CPU.Build.0 = Release|Any CPU
	EndGlobalSection
	GlobalSection(SolutionProperties) = preSolution
		HideSolutionNode = FALSE
	EndGlobalSection
	GlobalSection(ExtensibilityGlobals) = postSolution
		SolutionGuid = {BA198A9A-B3AC-49F3-B174-A7C0641A9F78}
	EndGlobalSection
EndGlobal
